{
  "nodes": {
    "nixpkgs": {
      "locked": {
        "lastModified": 1740965135,
        "narHash": "sha256-FJkcRPNJp7f3o+OPW1Sf8nz2iXuQ/8X3BIHgPfU4KGU=",
        "owner": "nixos",
        "repo": "nixpkgs",
        "rev": "1a142a02e3edc3897acd854b85e722f2a50d5fac",
        "type": "github"
      },
      "original": {
        "owner": "nixos",
        "repo": "nixpkgs",
        "type": "github"
      }
    },
    "root": {
      "inputs": {
        "nixpkgs": "nixpkgs"
      }
    }
  },
  "root": "root",
  "version": 7
}
