{
  "nodes": {
    "nixpkgs": {
      "locked": {
        "lastModified": 1742989002,
        "narHash": "sha256-NcMKXArAIIMXsZ+VKrUgj7AOiGk1DexQlGGcau871P4=",
        "owner": "nixos",
        "repo": "nixpkgs",
        "rev": "dc0036f29942d678a17f87c4c33c4e902cfa6c62",
        "type": "github"
      },
      "original": {
        "owner": "nixos",
        "repo": "nixpkgs",
        "type": "github"
      }
    },
    "root": {
      "inputs": {
        "nixpkgs": "nixpkgs"
      }
    }
  },
  "root": "root",
  "version": 7
}
